
Microsoft Visual Studio Solution File, Format Version 11.00
# Visual Basic Express 2010
Project("{F184B08F-C81C-45F6-A57F-5ABD9991F28F}") = "VBProj61BIS3Q1", "VBProj61BIS3Q1\VBProj61BIS3Q1.vbproj", "{7C3D19F8-557E-4074-BD12-2EA7171E62DD}"
EndProject
Global
	GlobalSection(SolutionConfigurationPlatforms) = preSolution
		Debug|x86 = Debug|x86
		Release|x86 = Release|x86
	EndGlobalSection
	GlobalSection(ProjectConfigurationPlatforms) = postSolution
		{7C3D19F8-557E-4074-BD12-2EA7171E62DD}.Debug|x86.ActiveCfg = Debug|x86
		{7C3D19F8-557E-4074-BD12-2EA7171E62DD}.Debug|x86.Build.0 = Debug|x86
		{7C3D19F8-557E-4074-BD12-2EA7171E62DD}.Release|x86.ActiveCfg = Release|x86
		{7C3D19F8-557E-4074-BD12-2EA7171E62DD}.Release|x86.Build.0 = Release|x86
	EndGlobalSection
	GlobalSection(SolutionProperties) = preSolution
		HideSolutionNode = FALSE
	EndGlobalSection
EndGlobal
